
Microsoft Visual Studio Solution File, Format Version 12.00
# Visual Studio 2012
Project("{8BC9CEB8-8B4A-11D0-8D11-00A0C91BC942}") = "example_proj", "example_proj.vcxproj", "{7FEA638D-938F-49B2-8075-A3E4D2A35D51}"
EndProject
Global
	GlobalSection(SolutionConfigurationPlatforms) = preSolution
		Debug|Win32 = Debug|Win32
		Release|Win32 = Release|Win32
	EndGlobalSection
	GlobalSection(ProjectConfigurationPlatforms) = postSolution
		{7FEA638D-938F-49B2-8075-A3E4D2A35D51}.Debug|Win32.ActiveCfg = Debug|Win32
		{7FEA638D-938F-49B2-8075-A3E4D2A35D51}.Debug|Win32.Build.0 = Debug|Win32
		{7FEA638D-938F-49B2-8075-A3E4D2A35D51}.Debug|Win32.Deploy.0 = Debug|Win32
		{7FEA638D-938F-49B2-8075-A3E4D2A35D51}.Release|Win32.ActiveCfg = Release|Win32
		{7FEA638D-938F-49B2-8075-A3E4D2A35D51}.Release|Win32.Build.0 = Release|Win32
		{7FEA638D-938F-49B2-8075-A3E4D2A35D51}.Release|Win32.Deploy.0 = Release|Win32
	EndGlobalSection
	GlobalSection(SolutionProperties) = preSolution
		HideSolutionNode = FALSE
	EndGlobalSection
EndGlobal
